# THIS IS AN AUTOGENERATED FILE. DO NOT EDIT THIS FILE DIRECTLY.
# yarn lockfile v1


"@turf/helpers@^5.0.0", "@turf/helpers@^5.0.1":
  version "5.0.1"
  resolved "https://registry.yarnpkg.com/@turf/helpers/-/helpers-5.0.1.tgz#d950df25b10c9ed347f7811927ec14e72ccc58b2"

"@turf/meta@^5.0.2":
  version "5.0.2"
  resolved "https://registry.yarnpkg.com/@turf/meta/-/meta-5.0.2.tgz#712ff485cdaa6024d1f97d6fbed69d3f8e31e686"
  dependencies:
    "@turf/helpers" "^5.0.0"

lodash@^4.17.19:
  version "4.17.19"
  resolved "https://registry.yarnpkg.com/lodash/-/lodash-4.17.19.tgz#e48ddedbe30b3321783c5b4301fbd353bc1e4a4b"
